
Microsoft Visual Studio Solution File, Format Version 12.00
# Visual Studio Version 17
VisualStudioVersion = 17.8.34309.116
MinimumVisualStudioVersion = 10.0.40219.1
Project("{FAE04EC0-301F-11D3-BF4B-00C04F79EFBC}") = "merhaba_github", "merhaba_github\merhaba_github.csproj", "{2C8B7347-A151-4C36-875E-D1350B58B4A7}"
EndProject
Global
	GlobalSection(SolutionConfigurationPlatforms) = preSolution
		Debug|Any CPU = Debug|Any CPU
		Release|Any CPU = Release|Any CPU
	EndGlobalSection
	GlobalSection(ProjectConfigurationPlatforms) = postSolution
		{2C8B7347-A151-4C36-875E-D1350B58B4A7}.Debug|Any CPU.ActiveCfg = Debug|Any CPU
		{2C8B7347-A151-4C36-875E-D1350B58B4A7}.Debug|Any CPU.Build.0 = Debug|Any CPU
		{2C8B7347-A151-4C36-875E-D1350B58B4A7}.Release|Any CPU.ActiveCfg = Release|Any CPU
		{2C8B7347-A151-4C36-875E-D1350B58B4A7}.Release|Any CPU.Build.0 = Release|Any CPU
	EndGlobalSection
	GlobalSection(SolutionProperties) = preSolution
		HideSolutionNode = FALSE
	EndGlobalSection
	GlobalSection(ExtensibilityGlobals) = postSolution
		SolutionGuid = {6B763F7E-3E85-4C8F-B904-B5A0980D9F2C}
	EndGlobalSection
EndGlobal
